
Microsoft Visual Studio Solution File, Format Version 12.00
# Visual Studio Version 16
VisualStudioVersion = 16.0.30204.135
MinimumVisualStudioVersion = 10.0.40219.1
Project("{FAE04EC0-301F-11D3-BF4B-00C04F79EFBC}") = "EjemploGithub", "EjemploGithub\EjemploGithub.csproj", "{B3F22419-5FFE-4082-8637-51E00DBA45BC}"
EndProject
Global
	GlobalSection(SolutionConfigurationPlatforms) = preSolution
		Debug|Any CPU = Debug|Any CPU
		Release|Any CPU = Release|Any CPU
	EndGlobalSection
	GlobalSection(ProjectConfigurationPlatforms) = postSolution
		{B3F22419-5FFE-4082-8637-51E00DBA45BC}.Debug|Any CPU.ActiveCfg = Debug|Any CPU
		{B3F22419-5FFE-4082-8637-51E00DBA45BC}.Debug|Any CPU.Build.0 = Debug|Any CPU
		{B3F22419-5FFE-4082-8637-51E00DBA45BC}.Release|Any CPU.ActiveCfg = Release|Any CPU
		{B3F22419-5FFE-4082-8637-51E00DBA45BC}.Release|Any CPU.Build.0 = Release|Any CPU
	EndGlobalSection
	GlobalSection(SolutionProperties) = preSolution
		HideSolutionNode = FALSE
	EndGlobalSection
	GlobalSection(ExtensibilityGlobals) = postSolution
		SolutionGuid = {C510052F-F60E-4E72-939C-B292DE89C421}
	EndGlobalSection
EndGlobal
